dependencies:
- name: globex-mobile
  repository: file://globex-mobile
  version: 0.1.0
- name: globex-mobile-gateway
  repository: file://globex-mobile-gateway
  version: 0.1.0
- name: globex-partner-gateway
  repository: file://globex-partner-gateway
  version: 0.1.0
- name: cashback-service
  repository: file://globex-partner-web
  version: 0.1.0
- name: globex-partner-web
  repository: file://globex-partner-web
  version: 0.1.0
digest: sha256:5b1ed763eb24d1e41b3d655d4ac79baf0c3e3bcca092f50991180b1f56c63665
generated: "2023-04-14T16:18:14.320447+05:30"
