dependencies:
- name: inventory-app
  repository: file://inventory-app
  version: 0.1.0
- name: catalog-app
  repository: file://catalog-app
  version: 0.1.0
- name: globex-ui
  repository: file://globex-ui
  version: 0.1.0
- name: recommendation-engine
  repository: file://recommendation-engine
  version: 0.1.0
- name: activity-tracking
  repository: file://activity-tracking
  version: 0.1.0
digest: sha256:bae30f0529e1b53e2d1a5336b2bd507e28692010c66d69241f8417ebfa7c006f
generated: "2022-11-07T10:45:33.520025344+01:00"
