dependencies:
- name: globex-store-app
  repository: file://globex-store-app
  version: 0.1.0
- name: globex-db
  repository: file://globex-db
  version: 0.1.0
- name: globex-web
  repository: file://globex-web
  version: 0.1.0
- name: recommendation-engine
  repository: file://recommendation-engine
  version: 0.1.0
- name: activity-tracking
  repository: file://activity-tracking
  version: 0.1.0
digest: sha256:ef31546ccac78875044a0a7c03a862b302d16101d99bf79772e078ae3d4b4eff
generated: "2023-03-16T09:57:35.327934351+01:00"
